
Microsoft Visual Studio Solution File, Format Version 12.00
# Visual Studio Version 17
VisualStudioVersion = 17.0.31903.59
MinimumVisualStudioVersion = 10.0.40219.1
Project("{2150E333-8FDC-42A3-9474-1A3956D46DE8}") = "src", "src", "{827E0CD3-B72D-47B6-A68D-7590B98EB39B}"
EndProject
Project("{FAE04EC0-301F-11D3-BF4B-00C04F79EFBC}") = "Magi.Core", "src\Magi.Core\Magi.Core.csproj", "{A726F38C-711E-42B2-9E47-D55F07732A19}"
EndProject
Project("{FAE04EC0-301F-11D3-BF4B-00C04F79EFBC}") = "Magi.Core.Tests", "test\Magi.Core.Tests\Magi.Core.Tests.csproj", "{E346F908-69AF-4292-BD02-87094A5EDD26}"
EndProject
Project("{FAE04EC0-301F-11D3-BF4B-00C04F79EFBC}") = "Magi.Extension", "src\Magi.Extension\Magi.Extension.csproj", "{C739F67D-1765-42E1-A361-E794497E5FC0}"
EndProject
Global
	GlobalSection(SolutionConfigurationPlatforms) = preSolution
		Debug|Any CPU = Debug|Any CPU
		Debug|x64 = Debug|x64
		Debug|x86 = Debug|x86
		Release|Any CPU = Release|Any CPU
		Release|x64 = Release|x64
		Release|x86 = Release|x86
	EndGlobalSection
	GlobalSection(ProjectConfigurationPlatforms) = postSolution
		{A726F38C-711E-42B2-9E47-D55F07732A19}.Debug|Any CPU.ActiveCfg = Debug|Any CPU
		{A726F38C-711E-42B2-9E47-D55F07732A19}.Debug|Any CPU.Build.0 = Debug|Any CPU
		{A726F38C-711E-42B2-9E47-D55F07732A19}.Debug|x64.ActiveCfg = Debug|Any CPU
		{A726F38C-711E-42B2-9E47-D55F07732A19}.Debug|x64.Build.0 = Debug|Any CPU
		{A726F38C-711E-42B2-9E47-D55F07732A19}.Debug|x86.ActiveCfg = Debug|Any CPU
		{A726F38C-711E-42B2-9E47-D55F07732A19}.Debug|x86.Build.0 = Debug|Any CPU
		{A726F38C-711E-42B2-9E47-D55F07732A19}.Release|Any CPU.ActiveCfg = Release|Any CPU
		{A726F38C-711E-42B2-9E47-D55F07732A19}.Release|Any CPU.Build.0 = Release|Any CPU
		{A726F38C-711E-42B2-9E47-D55F07732A19}.Release|x64.ActiveCfg = Release|Any CPU
		{A726F38C-711E-42B2-9E47-D55F07732A19}.Release|x64.Build.0 = Release|Any CPU
		{A726F38C-711E-42B2-9E47-D55F07732A19}.Release|x86.ActiveCfg = Release|Any CPU
		{A726F38C-711E-42B2-9E47-D55F07732A19}.Release|x86.Build.0 = Release|Any CPU
		{E346F908-69AF-4292-BD02-87094A5EDD26}.Debug|Any CPU.ActiveCfg = Debug|Any CPU
		{E346F908-69AF-4292-BD02-87094A5EDD26}.Debug|Any CPU.Build.0 = Debug|Any CPU
		{E346F908-69AF-4292-BD02-87094A5EDD26}.Debug|x64.ActiveCfg = Debug|Any CPU
		{E346F908-69AF-4292-BD02-87094A5EDD26}.Debug|x64.Build.0 = Debug|Any CPU
		{E346F908-69AF-4292-BD02-87094A5EDD26}.Debug|x86.ActiveCfg = Debug|Any CPU
		{E346F908-69AF-4292-BD02-87094A5EDD26}.Debug|x86.Build.0 = Debug|Any CPU
		{E346F908-69AF-4292-BD02-87094A5EDD26}.Release|Any CPU.ActiveCfg = Release|Any CPU
		{E346F908-69AF-4292-BD02-87094A5EDD26}.Release|Any CPU.Build.0 = Release|Any CPU
		{E346F908-69AF-4292-BD02-87094A5EDD26}.Release|x64.ActiveCfg = Release|Any CPU
		{E346F908-69AF-4292-BD02-87094A5EDD26}.Release|x64.Build.0 = Release|Any CPU
		{E346F908-69AF-4292-BD02-87094A5EDD26}.Release|x86.ActiveCfg = Release|Any CPU
		{E346F908-69AF-4292-BD02-87094A5EDD26}.Release|x86.Build.0 = Release|Any CPU
		{C739F67D-1765-42E1-A361-E794497E5FC0}.Debug|Any CPU.ActiveCfg = Debug|Any CPU
		{C739F67D-1765-42E1-A361-E794497E5FC0}.Debug|Any CPU.Build.0 = Debug|Any CPU
		{C739F67D-1765-42E1-A361-E794497E5FC0}.Debug|x64.ActiveCfg = Debug|Any CPU
		{C739F67D-1765-42E1-A361-E794497E5FC0}.Debug|x64.Build.0 = Debug|Any CPU
		{C739F67D-1765-42E1-A361-E794497E5FC0}.Debug|x86.ActiveCfg = Debug|Any CPU
		{C739F67D-1765-42E1-A361-E794497E5FC0}.Debug|x86.Build.0 = Debug|Any CPU
		{C739F67D-1765-42E1-A361-E794497E5FC0}.Release|Any CPU.ActiveCfg = Release|Any CPU
		{C739F67D-1765-42E1-A361-E794497E5FC0}.Release|Any CPU.Build.0 = Release|Any CPU
		{C739F67D-1765-42E1-A361-E794497E5FC0}.Release|x64.ActiveCfg = Release|Any CPU
		{C739F67D-1765-42E1-A361-E794497E5FC0}.Release|x64.Build.0 = Release|Any CPU
		{C739F67D-1765-42E1-A361-E794497E5FC0}.Release|x86.ActiveCfg = Release|Any CPU
		{C739F67D-1765-42E1-A361-E794497E5FC0}.Release|x86.Build.0 = Release|Any CPU
	EndGlobalSection
	GlobalSection(SolutionProperties) = preSolution
		HideSolutionNode = FALSE
	EndGlobalSection
	GlobalSection(NestedProjects) = preSolution
		{A726F38C-711E-42B2-9E47-D55F07732A19} = {827E0CD3-B72D-47B6-A68D-7590B98EB39B}
		{E346F908-69AF-4292-BD02-87094A5EDD26} = {827E0CD3-B72D-47B6-A68D-7590B98EB39B}
		{C739F67D-1765-42E1-A361-E794497E5FC0} = {827E0CD3-B72D-47B6-A68D-7590B98EB39B}
	EndGlobalSection
EndGlobal
